PODS:
  - dim (0.2.5):
    - Flutter
    - TXIMSDK_iOS
    - YYModel
  - Flutter (1.0.0)
  - TXIMSDK_iOS (4.3.135)
  - YYModel (1.0.4)

DEPENDENCIES:
  - dim (from `.symlinks/plugins/dim/ios`)
  - Flutter (from `.symlinks/flutter/ios`)

SPEC REPOS:
  https://github.com/cocoapods/specs.git:
    - TXIMSDK_iOS
    - YYModel

EXTERNAL SOURCES:
  dim:
    :path: ".symlinks/plugins/dim/ios"
  Flutter:
    :path: ".symlinks/flutter/ios"

SPEC CHECKSUMS:
  dim: 1dd5cb611ad61775b37b381f86bd1702b7e726f4
  Flutter: 9d0fac939486c9aba2809b7982dfdbb47a7b0296
  TXIMSDK_iOS: 46fd4c57411f140559d0222423cef27776722684
  YYModel: 2a7fdd96aaa4b86a824e26d0c517de8928c04b30

PODFILE CHECKSUM: fbaee5b23138ad4cd0cb935c94fcf473f272085c

COCOAPODS: 1.5.3
